
Microsoft Visual Studio Solution File, Format Version 12.00
# Visual Studio Version 17
VisualStudioVersion = 17.9.34728.123
MinimumVisualStudioVersion = 10.0.40219.1
Project("{9A19103F-16F7-4668-BE54-9A1E7A4F7556}") = "CourierSystem", "CourierSystem.csproj", "{47D1D7F5-F2AE-4E85-ABF3-0BD603E2507B}"
EndProject
Project("{9A19103F-16F7-4668-BE54-9A1E7A4F7556}") = "Password_Verification", "..\Password_Verification\Password_Verification.csproj", "{405CC4FF-0B22-4642-9B3F-F8B5E82EB4B3}"
EndProject
Project("{9A19103F-16F7-4668-BE54-9A1E7A4F7556}") = "JoyToys", "..\JoyToys\JoyToys.csproj", "{7B3AAA65-4C34-467F-AA37-4114EAC9A5F9}"
EndProject
Project("{9A19103F-16F7-4668-BE54-9A1E7A4F7556}") = "ExceptionTask", "..\ExceptionTask\ExceptionTask.csproj", "{C20D6AAF-819D-481E-996B-CAF604450BBF}"
EndProject
Global
	GlobalSection(SolutionConfigurationPlatforms) = preSolution
		Debug|Any CPU = Debug|Any CPU
		Release|Any CPU = Release|Any CPU
	EndGlobalSection
	GlobalSection(ProjectConfigurationPlatforms) = postSolution
		{47D1D7F5-F2AE-4E85-ABF3-0BD603E2507B}.Debug|Any CPU.ActiveCfg = Debug|Any CPU
		{47D1D7F5-F2AE-4E85-ABF3-0BD603E2507B}.Debug|Any CPU.Build.0 = Debug|Any CPU
		{47D1D7F5-F2AE-4E85-ABF3-0BD603E2507B}.Release|Any CPU.ActiveCfg = Release|Any CPU
		{47D1D7F5-F2AE-4E85-ABF3-0BD603E2507B}.Release|Any CPU.Build.0 = Release|Any CPU
		{405CC4FF-0B22-4642-9B3F-F8B5E82EB4B3}.Debug|Any CPU.ActiveCfg = Debug|Any CPU
		{405CC4FF-0B22-4642-9B3F-F8B5E82EB4B3}.Debug|Any CPU.Build.0 = Debug|Any CPU
		{405CC4FF-0B22-4642-9B3F-F8B5E82EB4B3}.Release|Any CPU.ActiveCfg = Release|Any CPU
		{405CC4FF-0B22-4642-9B3F-F8B5E82EB4B3}.Release|Any CPU.Build.0 = Release|Any CPU
		{7B3AAA65-4C34-467F-AA37-4114EAC9A5F9}.Debug|Any CPU.ActiveCfg = Debug|Any CPU
		{7B3AAA65-4C34-467F-AA37-4114EAC9A5F9}.Debug|Any CPU.Build.0 = Debug|Any CPU
		{7B3AAA65-4C34-467F-AA37-4114EAC9A5F9}.Release|Any CPU.ActiveCfg = Release|Any CPU
		{7B3AAA65-4C34-467F-AA37-4114EAC9A5F9}.Release|Any CPU.Build.0 = Release|Any CPU
		{C20D6AAF-819D-481E-996B-CAF604450BBF}.Debug|Any CPU.ActiveCfg = Debug|Any CPU
		{C20D6AAF-819D-481E-996B-CAF604450BBF}.Debug|Any CPU.Build.0 = Debug|Any CPU
		{C20D6AAF-819D-481E-996B-CAF604450BBF}.Release|Any CPU.ActiveCfg = Release|Any CPU
		{C20D6AAF-819D-481E-996B-CAF604450BBF}.Release|Any CPU.Build.0 = Release|Any CPU
	EndGlobalSection
	GlobalSection(SolutionProperties) = preSolution
		HideSolutionNode = FALSE
	EndGlobalSection
	GlobalSection(ExtensibilityGlobals) = postSolution
		SolutionGuid = {F7DE64FD-851D-4067-B58A-0045D9B82534}
	EndGlobalSection
EndGlobal
